
Microsoft Visual Studio Solution File, Format Version 12.00
# Visual Studio Version 16
VisualStudioVersion = 16.0.29609.76
MinimumVisualStudioVersion = 10.0.40219.1
Project("{FAE04EC0-301F-11D3-BF4B-00C04F79EFBC}") = "Formula", "src\Formula\Formula.csproj", "{8D35F389-F3ED-485C-95EF-CE2CC9BA13DA}"
EndProject
Global
	GlobalSection(SolutionConfigurationPlatforms) = preSolution
		Debug|Any CPU = Debug|Any CPU
		Release|Any CPU = Release|Any CPU
	EndGlobalSection
	GlobalSection(ProjectConfigurationPlatforms) = postSolution
		{8D35F389-F3ED-485C-95EF-CE2CC9BA13DA}.Debug|Any CPU.ActiveCfg = Debug|Any CPU
		{8D35F389-F3ED-485C-95EF-CE2CC9BA13DA}.Debug|Any CPU.Build.0 = Debug|Any CPU
		{8D35F389-F3ED-485C-95EF-CE2CC9BA13DA}.Release|Any CPU.ActiveCfg = Release|Any CPU
		{8D35F389-F3ED-485C-95EF-CE2CC9BA13DA}.Release|Any CPU.Build.0 = Release|Any CPU
	EndGlobalSection
	GlobalSection(SolutionProperties) = preSolution
		HideSolutionNode = FALSE
	EndGlobalSection
	GlobalSection(ExtensibilityGlobals) = postSolution
		SolutionGuid = {C1BD4A89-84FD-4E79-AD1A-FC4FA4A05E24}
	EndGlobalSection
EndGlobal
